
Microsoft Visual Studio Solution File, Format Version 12.00
# Visual Studio Version 17
VisualStudioVersion = 17.0.32014.148
MinimumVisualStudioVersion = 10.0.40219.1
Project("{FAE04EC0-301F-11D3-BF4B-00C04F79EFBC}") = "HelloWorld", "HelloWorld\HelloWorld.csproj", "{929C7335-507E-4785-B940-B6916A479EDB}"
EndProject
Project("{FAE04EC0-301F-11D3-BF4B-00C04F79EFBC}") = "TypeConversion", "TypeConversion\TypeConversion.csproj", "{2E562661-D5A7-4B58-9CEB-4D9A57C9F7EE}"
EndProject
Project("{FAE04EC0-301F-11D3-BF4B-00C04F79EFBC}") = "Operators", "Operators\Operators.csproj", "{ED02D006-2A04-4D4B-A8F8-87063D0EC14A}"
EndProject
Project("{FAE04EC0-301F-11D3-BF4B-00C04F79EFBC}") = "Classes", "Classes\Classes.csproj", "{A4DC8B85-BD70-458D-8BA0-0EA17C86A8A0}"
EndProject
Project("{2150E333-8FDC-42A3-9474-1A3956D46DE8}") = "Math", "Math", "{D0ECD9F5-7923-4079-8A20-BBD0DD6DFA15}"
	ProjectSection(SolutionItems) = preProject
		Classes\Calculator.cs = Classes\Calculator.cs
	EndProjectSection
EndProject
Project("{FAE04EC0-301F-11D3-BF4B-00C04F79EFBC}") = "Arrays", "Arrays\Arrays.csproj", "{C2823788-270C-4FE0-BC01-0372EA799AEA}"
EndProject
Project("{FAE04EC0-301F-11D3-BF4B-00C04F79EFBC}") = "Strings", "Strings\Strings.csproj", "{1311FB38-49D1-4D4F-AE25-CF2A675D52F6}"
EndProject
Project("{FAE04EC0-301F-11D3-BF4B-00C04F79EFBC}") = "enum", "enum\enum.csproj", "{7B163FC6-1B66-42D1-BEE3-3EAAFD178F78}"
EndProject
Project("{FAE04EC0-301F-11D3-BF4B-00C04F79EFBC}") = "ReferenceTypes", "ReferenceTypes\ReferenceTypes.csproj", "{D35B4417-74BE-4BE7-BBAE-00A40905B4AB}"
EndProject
Project("{FAE04EC0-301F-11D3-BF4B-00C04F79EFBC}") = "ValueTypes", "ValueTypes\ValueTypes.csproj", "{64778CE3-34FA-4E8B-BC6F-EFDE3186BD5D}"
EndProject
Project("{FAE04EC0-301F-11D3-BF4B-00C04F79EFBC}") = "IfElse", "IfElse\IfElse.csproj", "{D102CDAC-D56A-4101-9859-D350D1BD5574}"
EndProject
Project("{FAE04EC0-301F-11D3-BF4B-00C04F79EFBC}") = "SwitchCase", "SwitchCase\SwitchCase.csproj", "{B1B71398-8F09-44C6-8771-84027191ACFE}"
EndProject
Project("{FAE04EC0-301F-11D3-BF4B-00C04F79EFBC}") = "Loops", "Loops\Loops.csproj", "{6ADF459B-D3A0-4BC0-B738-3EA8EB14E9CC}"
EndProject
Project("{FAE04EC0-301F-11D3-BF4B-00C04F79EFBC}") = "ForEachLoop", "ForEachLoop\ForEachLoop.csproj", "{929D8820-1D42-401F-8639-08C0CECCEF48}"
EndProject
Project("{FAE04EC0-301F-11D3-BF4B-00C04F79EFBC}") = "RandomNumbers", "RandomNumbers\RandomNumbers.csproj", "{000F5C6A-001E-4E55-9A75-00A0EE55DD99}"
EndProject
Project("{FAE04EC0-301F-11D3-BF4B-00C04F79EFBC}") = "ArraysCsharp", "ArraysCsharp\ArraysCsharp.csproj", "{67FDB4AD-7A36-41C2-8342-51300032F7FF}"
EndProject
Project("{FAE04EC0-301F-11D3-BF4B-00C04F79EFBC}") = "Lists", "Lists\Lists.csproj", "{9E976800-55F3-486E-B07E-904D131E5E96}"
EndProject
Project("{FAE04EC0-301F-11D3-BF4B-00C04F79EFBC}") = "ListsCsharp", "ListsCsharp\ListsCsharp.csproj", "{AAF3A3B5-BFA3-4FD8-A1E2-B4C2A1456D44}"
EndProject
Global
	GlobalSection(SolutionConfigurationPlatforms) = preSolution
		Debug|Any CPU = Debug|Any CPU
		Release|Any CPU = Release|Any CPU
	EndGlobalSection
	GlobalSection(ProjectConfigurationPlatforms) = postSolution
		{929C7335-507E-4785-B940-B6916A479EDB}.Debug|Any CPU.ActiveCfg = Debug|Any CPU
		{929C7335-507E-4785-B940-B6916A479EDB}.Debug|Any CPU.Build.0 = Debug|Any CPU
		{929C7335-507E-4785-B940-B6916A479EDB}.Release|Any CPU.ActiveCfg = Release|Any CPU
		{929C7335-507E-4785-B940-B6916A479EDB}.Release|Any CPU.Build.0 = Release|Any CPU
		{2E562661-D5A7-4B58-9CEB-4D9A57C9F7EE}.Debug|Any CPU.ActiveCfg = Debug|Any CPU
		{2E562661-D5A7-4B58-9CEB-4D9A57C9F7EE}.Debug|Any CPU.Build.0 = Debug|Any CPU
		{2E562661-D5A7-4B58-9CEB-4D9A57C9F7EE}.Release|Any CPU.ActiveCfg = Release|Any CPU
		{2E562661-D5A7-4B58-9CEB-4D9A57C9F7EE}.Release|Any CPU.Build.0 = Release|Any CPU
		{ED02D006-2A04-4D4B-A8F8-87063D0EC14A}.Debug|Any CPU.ActiveCfg = Debug|Any CPU
		{ED02D006-2A04-4D4B-A8F8-87063D0EC14A}.Debug|Any CPU.Build.0 = Debug|Any CPU
		{ED02D006-2A04-4D4B-A8F8-87063D0EC14A}.Release|Any CPU.ActiveCfg = Release|Any CPU
		{ED02D006-2A04-4D4B-A8F8-87063D0EC14A}.Release|Any CPU.Build.0 = Release|Any CPU
		{A4DC8B85-BD70-458D-8BA0-0EA17C86A8A0}.Debug|Any CPU.ActiveCfg = Debug|Any CPU
		{A4DC8B85-BD70-458D-8BA0-0EA17C86A8A0}.Debug|Any CPU.Build.0 = Debug|Any CPU
		{A4DC8B85-BD70-458D-8BA0-0EA17C86A8A0}.Release|Any CPU.ActiveCfg = Release|Any CPU
		{A4DC8B85-BD70-458D-8BA0-0EA17C86A8A0}.Release|Any CPU.Build.0 = Release|Any CPU
		{C2823788-270C-4FE0-BC01-0372EA799AEA}.Debug|Any CPU.ActiveCfg = Debug|Any CPU
		{C2823788-270C-4FE0-BC01-0372EA799AEA}.Debug|Any CPU.Build.0 = Debug|Any CPU
		{C2823788-270C-4FE0-BC01-0372EA799AEA}.Release|Any CPU.ActiveCfg = Release|Any CPU
		{C2823788-270C-4FE0-BC01-0372EA799AEA}.Release|Any CPU.Build.0 = Release|Any CPU
		{1311FB38-49D1-4D4F-AE25-CF2A675D52F6}.Debug|Any CPU.ActiveCfg = Debug|Any CPU
		{1311FB38-49D1-4D4F-AE25-CF2A675D52F6}.Debug|Any CPU.Build.0 = Debug|Any CPU
		{1311FB38-49D1-4D4F-AE25-CF2A675D52F6}.Release|Any CPU.ActiveCfg = Release|Any CPU
		{1311FB38-49D1-4D4F-AE25-CF2A675D52F6}.Release|Any CPU.Build.0 = Release|Any CPU
		{7B163FC6-1B66-42D1-BEE3-3EAAFD178F78}.Debug|Any CPU.ActiveCfg = Debug|Any CPU
		{7B163FC6-1B66-42D1-BEE3-3EAAFD178F78}.Debug|Any CPU.Build.0 = Debug|Any CPU
		{7B163FC6-1B66-42D1-BEE3-3EAAFD178F78}.Release|Any CPU.ActiveCfg = Release|Any CPU
		{7B163FC6-1B66-42D1-BEE3-3EAAFD178F78}.Release|Any CPU.Build.0 = Release|Any CPU
		{D35B4417-74BE-4BE7-BBAE-00A40905B4AB}.Debug|Any CPU.ActiveCfg = Debug|Any CPU
		{D35B4417-74BE-4BE7-BBAE-00A40905B4AB}.Debug|Any CPU.Build.0 = Debug|Any CPU
		{D35B4417-74BE-4BE7-BBAE-00A40905B4AB}.Release|Any CPU.ActiveCfg = Release|Any CPU
		{D35B4417-74BE-4BE7-BBAE-00A40905B4AB}.Release|Any CPU.Build.0 = Release|Any CPU
		{64778CE3-34FA-4E8B-BC6F-EFDE3186BD5D}.Debug|Any CPU.ActiveCfg = Debug|Any CPU
		{64778CE3-34FA-4E8B-BC6F-EFDE3186BD5D}.Debug|Any CPU.Build.0 = Debug|Any CPU
		{64778CE3-34FA-4E8B-BC6F-EFDE3186BD5D}.Release|Any CPU.ActiveCfg = Release|Any CPU
		{64778CE3-34FA-4E8B-BC6F-EFDE3186BD5D}.Release|Any CPU.Build.0 = Release|Any CPU
		{D102CDAC-D56A-4101-9859-D350D1BD5574}.Debug|Any CPU.ActiveCfg = Debug|Any CPU
		{D102CDAC-D56A-4101-9859-D350D1BD5574}.Debug|Any CPU.Build.0 = Debug|Any CPU
		{D102CDAC-D56A-4101-9859-D350D1BD5574}.Release|Any CPU.ActiveCfg = Release|Any CPU
		{D102CDAC-D56A-4101-9859-D350D1BD5574}.Release|Any CPU.Build.0 = Release|Any CPU
		{B1B71398-8F09-44C6-8771-84027191ACFE}.Debug|Any CPU.ActiveCfg = Debug|Any CPU
		{B1B71398-8F09-44C6-8771-84027191ACFE}.Debug|Any CPU.Build.0 = Debug|Any CPU
		{B1B71398-8F09-44C6-8771-84027191ACFE}.Release|Any CPU.ActiveCfg = Release|Any CPU
		{B1B71398-8F09-44C6-8771-84027191ACFE}.Release|Any CPU.Build.0 = Release|Any CPU
		{6ADF459B-D3A0-4BC0-B738-3EA8EB14E9CC}.Debug|Any CPU.ActiveCfg = Debug|Any CPU
		{6ADF459B-D3A0-4BC0-B738-3EA8EB14E9CC}.Debug|Any CPU.Build.0 = Debug|Any CPU
		{6ADF459B-D3A0-4BC0-B738-3EA8EB14E9CC}.Release|Any CPU.ActiveCfg = Release|Any CPU
		{6ADF459B-D3A0-4BC0-B738-3EA8EB14E9CC}.Release|Any CPU.Build.0 = Release|Any CPU
		{929D8820-1D42-401F-8639-08C0CECCEF48}.Debug|Any CPU.ActiveCfg = Debug|Any CPU
		{929D8820-1D42-401F-8639-08C0CECCEF48}.Debug|Any CPU.Build.0 = Debug|Any CPU
		{929D8820-1D42-401F-8639-08C0CECCEF48}.Release|Any CPU.ActiveCfg = Release|Any CPU
		{929D8820-1D42-401F-8639-08C0CECCEF48}.Release|Any CPU.Build.0 = Release|Any CPU
		{000F5C6A-001E-4E55-9A75-00A0EE55DD99}.Debug|Any CPU.ActiveCfg = Debug|Any CPU
		{000F5C6A-001E-4E55-9A75-00A0EE55DD99}.Debug|Any CPU.Build.0 = Debug|Any CPU
		{000F5C6A-001E-4E55-9A75-00A0EE55DD99}.Release|Any CPU.ActiveCfg = Release|Any CPU
		{000F5C6A-001E-4E55-9A75-00A0EE55DD99}.Release|Any CPU.Build.0 = Release|Any CPU
		{67FDB4AD-7A36-41C2-8342-51300032F7FF}.Debug|Any CPU.ActiveCfg = Debug|Any CPU
		{67FDB4AD-7A36-41C2-8342-51300032F7FF}.Debug|Any CPU.Build.0 = Debug|Any CPU
		{67FDB4AD-7A36-41C2-8342-51300032F7FF}.Release|Any CPU.ActiveCfg = Release|Any CPU
		{67FDB4AD-7A36-41C2-8342-51300032F7FF}.Release|Any CPU.Build.0 = Release|Any CPU
		{9E976800-55F3-486E-B07E-904D131E5E96}.Debug|Any CPU.ActiveCfg = Debug|Any CPU
		{9E976800-55F3-486E-B07E-904D131E5E96}.Debug|Any CPU.Build.0 = Debug|Any CPU
		{9E976800-55F3-486E-B07E-904D131E5E96}.Release|Any CPU.ActiveCfg = Release|Any CPU
		{9E976800-55F3-486E-B07E-904D131E5E96}.Release|Any CPU.Build.0 = Release|Any CPU
		{AAF3A3B5-BFA3-4FD8-A1E2-B4C2A1456D44}.Debug|Any CPU.ActiveCfg = Debug|Any CPU
		{AAF3A3B5-BFA3-4FD8-A1E2-B4C2A1456D44}.Debug|Any CPU.Build.0 = Debug|Any CPU
		{AAF3A3B5-BFA3-4FD8-A1E2-B4C2A1456D44}.Release|Any CPU.ActiveCfg = Release|Any CPU
		{AAF3A3B5-BFA3-4FD8-A1E2-B4C2A1456D44}.Release|Any CPU.Build.0 = Release|Any CPU
	EndGlobalSection
	GlobalSection(SolutionProperties) = preSolution
		HideSolutionNode = FALSE
	EndGlobalSection
	GlobalSection(ExtensibilityGlobals) = postSolution
		SolutionGuid = {D4D07DFB-F6FE-4333-A1D1-71F7DEB20F94}
	EndGlobalSection
EndGlobal
